
Microsoft Visual Studio Solution File, Format Version 11.00
# Visual Studio 2010
Project("{F184B08F-C81C-45F6-A57F-5ABD9991F28F}") = "GP1_FruitSales", "GP1_CarSales\GP1_FruitSales.vbproj", "{514F439D-1780-4856-8674-03129DE222DF}"
EndProject
Global
	GlobalSection(SolutionConfigurationPlatforms) = preSolution
		Debug|Any CPU = Debug|Any CPU
		Release|Any CPU = Release|Any CPU
	EndGlobalSection
	GlobalSection(ProjectConfigurationPlatforms) = postSolution
		{514F439D-1780-4856-8674-03129DE222DF}.Debug|Any CPU.ActiveCfg = Debug|Any CPU
		{514F439D-1780-4856-8674-03129DE222DF}.Debug|Any CPU.Build.0 = Debug|Any CPU
		{514F439D-1780-4856-8674-03129DE222DF}.Release|Any CPU.ActiveCfg = Release|Any CPU
		{514F439D-1780-4856-8674-03129DE222DF}.Release|Any CPU.Build.0 = Release|Any CPU
	EndGlobalSection
	GlobalSection(SolutionProperties) = preSolution
		HideSolutionNode = FALSE
	EndGlobalSection
EndGlobal
